
Microsoft Visual Studio Solution File, Format Version 12.00
# Visual Studio Version 16
VisualStudioVersion = 16.0.28714.193
MinimumVisualStudioVersion = 10.0.40219.1
Project("{9A19103F-16F7-4668-BE54-9A1E7A4F7556}") = "BlazorExample", "BlazorExample\BlazorExample.csproj", "{532E0088-981D-4EA7-A57E-92718AB8384D}"
EndProject
Project("{9A19103F-16F7-4668-BE54-9A1E7A4F7556}") = "RazorComponentsExample", "RazorComponentsExample\RazorComponentsExample.csproj", "{684C0950-92BB-4005-A7CE-201CC6CD575D}"
EndProject
Global
	GlobalSection(SolutionConfigurationPlatforms) = preSolution
		Debug|Any CPU = Debug|Any CPU
		Release|Any CPU = Release|Any CPU
	EndGlobalSection
	GlobalSection(ProjectConfigurationPlatforms) = postSolution
		{532E0088-981D-4EA7-A57E-92718AB8384D}.Debug|Any CPU.ActiveCfg = Debug|Any CPU
		{532E0088-981D-4EA7-A57E-92718AB8384D}.Debug|Any CPU.Build.0 = Debug|Any CPU
		{532E0088-981D-4EA7-A57E-92718AB8384D}.Release|Any CPU.ActiveCfg = Release|Any CPU
		{532E0088-981D-4EA7-A57E-92718AB8384D}.Release|Any CPU.Build.0 = Release|Any CPU
		{684C0950-92BB-4005-A7CE-201CC6CD575D}.Debug|Any CPU.ActiveCfg = Debug|Any CPU
		{684C0950-92BB-4005-A7CE-201CC6CD575D}.Debug|Any CPU.Build.0 = Debug|Any CPU
		{684C0950-92BB-4005-A7CE-201CC6CD575D}.Release|Any CPU.ActiveCfg = Release|Any CPU
		{684C0950-92BB-4005-A7CE-201CC6CD575D}.Release|Any CPU.Build.0 = Release|Any CPU
	EndGlobalSection
	GlobalSection(SolutionProperties) = preSolution
		HideSolutionNode = FALSE
	EndGlobalSection
	GlobalSection(ExtensibilityGlobals) = postSolution
		SolutionGuid = {0F480349-A9FD-4F3F-8A80-6F793E08BC29}
	EndGlobalSection
EndGlobal
