
Microsoft Visual Studio Solution File, Format Version 12.00
# Visual Studio Version 16
VisualStudioVersion = 16.0.28714.193
MinimumVisualStudioVersion = 10.0.40219.1
Project("{FAE04EC0-301F-11D3-BF4B-00C04F79EFBC}") = "BlazorServer", "BlazorServer\BlazorServer.csproj", "{E95C9D86-B6C3-4069-9A9A-66B96BC96F83}"
EndProject
Project("{FAE04EC0-301F-11D3-BF4B-00C04F79EFBC}") = "BlazorWebAssembly", "BlazorWebAssembly\BlazorWebAssembly.csproj", "{BE14D2C7-7390-44F2-8AAA-4A2A479CB0F7}"
EndProject
Global
	GlobalSection(SolutionConfigurationPlatforms) = preSolution
		Debug|Any CPU = Debug|Any CPU
		Release|Any CPU = Release|Any CPU
	EndGlobalSection
	GlobalSection(ProjectConfigurationPlatforms) = postSolution
		{E95C9D86-B6C3-4069-9A9A-66B96BC96F83}.Debug|Any CPU.ActiveCfg = Debug|Any CPU
		{E95C9D86-B6C3-4069-9A9A-66B96BC96F83}.Debug|Any CPU.Build.0 = Debug|Any CPU
		{E95C9D86-B6C3-4069-9A9A-66B96BC96F83}.Release|Any CPU.ActiveCfg = Release|Any CPU
		{E95C9D86-B6C3-4069-9A9A-66B96BC96F83}.Release|Any CPU.Build.0 = Release|Any CPU
		{BE14D2C7-7390-44F2-8AAA-4A2A479CB0F7}.Debug|Any CPU.ActiveCfg = Debug|Any CPU
		{BE14D2C7-7390-44F2-8AAA-4A2A479CB0F7}.Debug|Any CPU.Build.0 = Debug|Any CPU
		{BE14D2C7-7390-44F2-8AAA-4A2A479CB0F7}.Release|Any CPU.ActiveCfg = Release|Any CPU
		{BE14D2C7-7390-44F2-8AAA-4A2A479CB0F7}.Release|Any CPU.Build.0 = Release|Any CPU
	EndGlobalSection
	GlobalSection(SolutionProperties) = preSolution
		HideSolutionNode = FALSE
	EndGlobalSection
	GlobalSection(ExtensibilityGlobals) = postSolution
		SolutionGuid = {0F480349-A9FD-4F3F-8A80-6F793E08BC29}
	EndGlobalSection
EndGlobal
